
Microsoft Visual Studio Solution File, Format Version 12.00
# Visual Studio Version 17
VisualStudioVersion = 17.11.35312.102
MinimumVisualStudioVersion = 10.0.40219.1
Project("{FAE04EC0-301F-11D3-BF4B-00C04F79EFBC}") = "ToursApp", "ToursApp\ToursApp.csproj", "{667B1A19-7F8A-42B3-BD28-CB449C0DFD30}"
EndProject
Global
	GlobalSection(SolutionConfigurationPlatforms) = preSolution
		Debug|Any CPU = Debug|Any CPU
		Release|Any CPU = Release|Any CPU
	EndGlobalSection
	GlobalSection(ProjectConfigurationPlatforms) = postSolution
		{667B1A19-7F8A-42B3-BD28-CB449C0DFD30}.Debug|Any CPU.ActiveCfg = Debug|Any CPU
		{667B1A19-7F8A-42B3-BD28-CB449C0DFD30}.Debug|Any CPU.Build.0 = Debug|Any CPU
		{667B1A19-7F8A-42B3-BD28-CB449C0DFD30}.Release|Any CPU.ActiveCfg = Release|Any CPU
		{667B1A19-7F8A-42B3-BD28-CB449C0DFD30}.Release|Any CPU.Build.0 = Release|Any CPU
	EndGlobalSection
	GlobalSection(SolutionProperties) = preSolution
		HideSolutionNode = FALSE
	EndGlobalSection
	GlobalSection(ExtensibilityGlobals) = postSolution
		SolutionGuid = {98F9286E-89DE-4815-B1C8-F80957A96CFF}
	EndGlobalSection
EndGlobal
